
Microsoft Visual Studio Solution File, Format Version 12.00
# Visual Studio Version 17
VisualStudioVersion = 17.5.33516.290
MinimumVisualStudioVersion = 10.0.40219.1
Project("{FAE04EC0-301F-11D3-BF4B-00C04F79EFBC}") = "LinqGUIApp", "LinqGUIApp\LinqGUIApp.csproj", "{972F5359-3D1B-4C20-A876-B283C05C9213}"
EndProject
Global
	GlobalSection(SolutionConfigurationPlatforms) = preSolution
		Debug|Any CPU = Debug|Any CPU
		Release|Any CPU = Release|Any CPU
	EndGlobalSection
	GlobalSection(ProjectConfigurationPlatforms) = postSolution
		{972F5359-3D1B-4C20-A876-B283C05C9213}.Debug|Any CPU.ActiveCfg = Debug|Any CPU
		{972F5359-3D1B-4C20-A876-B283C05C9213}.Debug|Any CPU.Build.0 = Debug|Any CPU
		{972F5359-3D1B-4C20-A876-B283C05C9213}.Release|Any CPU.ActiveCfg = Release|Any CPU
		{972F5359-3D1B-4C20-A876-B283C05C9213}.Release|Any CPU.Build.0 = Release|Any CPU
	EndGlobalSection
	GlobalSection(SolutionProperties) = preSolution
		HideSolutionNode = FALSE
	EndGlobalSection
	GlobalSection(ExtensibilityGlobals) = postSolution
		SolutionGuid = {7851B8A0-F325-4172-B96D-0E18F243C6CD}
	EndGlobalSection
EndGlobal
